
Microsoft Visual Studio Solution File, Format Version 10.00
# Visual Studio 2008
Project("{FAE04EC0-301F-11D3-BF4B-00C04F79EFBC}") = "L2InfoJ", "L2InfoJ.csproj", "{E364D9F5-AAB8-4043-89BA-F98B5C400A9D}"
EndProject
Global
	GlobalSection(SolutionConfigurationPlatforms) = preSolution
		Debug|Any CPU = Debug|Any CPU
		Release|Any CPU = Release|Any CPU
	EndGlobalSection
	GlobalSection(ProjectConfigurationPlatforms) = postSolution
		{E364D9F5-AAB8-4043-89BA-F98B5C400A9D}.Debug|Any CPU.ActiveCfg = Debug|Any CPU
		{E364D9F5-AAB8-4043-89BA-F98B5C400A9D}.Debug|Any CPU.Build.0 = Debug|Any CPU
		{E364D9F5-AAB8-4043-89BA-F98B5C400A9D}.Release|Any CPU.ActiveCfg = Release|Any CPU
		{E364D9F5-AAB8-4043-89BA-F98B5C400A9D}.Release|Any CPU.Build.0 = Release|Any CPU
	EndGlobalSection
	GlobalSection(SolutionProperties) = preSolution
		HideSolutionNode = FALSE
	EndGlobalSection
EndGlobal
